
Microsoft Visual Studio Solution File, Format Version 12.00
# Visual Studio 14
VisualStudioVersion = 14.0.25420.1
MinimumVisualStudioVersion = 10.0.40219.1
Project("{FAE04EC0-301F-11D3-BF4B-00C04F79EFBC}") = "SharpDX11GameByWinbringer", "SharpDX11GameByWinbringer\SharpDX11GameByWinbringer.csproj", "{F85BAB7C-A9F0-47EE-A4BA-6C8E4372A55A}"
EndProject
Project("{FAE04EC0-301F-11D3-BF4B-00C04F79EFBC}") = "VictoremLibrary", "VictoremLibrary\VictoremLibrary.csproj", "{9A742D36-9F48-4901-BDEA-2276F687BCC3}"
EndProject
Project("{FAE04EC0-301F-11D3-BF4B-00C04F79EFBC}") = "FramevorkTest", "FramevorkTest\FramevorkTest.csproj", "{0F6852C0-5D0E-46AA-8988-1E0F1CA43AD0}"
EndProject
Project("{FAE04EC0-301F-11D3-BF4B-00C04F79EFBC}") = "ParticleTest", "ConsoleApplication1\ParticleTest.csproj", "{E3516AE0-5894-457D-9213-DE5A1A4AC006}"
EndProject
Project("{FAE04EC0-301F-11D3-BF4B-00C04F79EFBC}") = "ParticleTest2", "ConsoleApplication2\ParticleTest2.csproj", "{C426E5D6-6BB2-44F8-956E-979FEA6B6D26}"
EndProject
Project("{FAE04EC0-301F-11D3-BF4B-00C04F79EFBC}") = "CommandList", "ConsoleApplication3\CommandList.csproj", "{68234DC2-08F0-4B21-BF04-F89DCA78EDC6}"
EndProject
Project("{FAE04EC0-301F-11D3-BF4B-00C04F79EFBC}") = "CubeReflection", "CubeReflection\CubeReflection.csproj", "{DDFAC2A9-60D4-49F0-83C2-5BF4A6AFBD13}"
EndProject
Project("{FAE04EC0-301F-11D3-BF4B-00C04F79EFBC}") = "DifferedRendering", "DifferedRendering\DifferedRendering.csproj", "{3AA1E820-FC7C-4CD9-BA65-54D2E0966D15}"
EndProject
Project("{FAE04EC0-301F-11D3-BF4B-00C04F79EFBC}") = "UWP_Base", "UWP_Base\UWP_Base.csproj", "{AE0B9508-45F9-4E71-9F12-3563D47147C7}"
EndProject
Project("{FAE04EC0-301F-11D3-BF4B-00C04F79EFBC}") = "UWP_ScPanel", "UWP_ScPanel\UWP_ScPanel.csproj", "{4E56592C-B8ED-41A1-B8D2-E20418D34478}"
EndProject
Project("{FAE04EC0-301F-11D3-BF4B-00C04F79EFBC}") = "App1", "App1\App1.csproj", "{F4B157B5-C77B-4144-9298-DE8F0AD7EFC9}"
EndProject
Global
	GlobalSection(SolutionConfigurationPlatforms) = preSolution
		Debug|Any CPU = Debug|Any CPU
		Debug|ARM = Debug|ARM
		Debug|x64 = Debug|x64
		Debug|x86 = Debug|x86
		Release|Any CPU = Release|Any CPU
		Release|ARM = Release|ARM
		Release|x64 = Release|x64
		Release|x86 = Release|x86
	EndGlobalSection
	GlobalSection(ProjectConfigurationPlatforms) = postSolution
		{F85BAB7C-A9F0-47EE-A4BA-6C8E4372A55A}.Debug|Any CPU.ActiveCfg = Debug|Any CPU
		{F85BAB7C-A9F0-47EE-A4BA-6C8E4372A55A}.Debug|Any CPU.Build.0 = Debug|Any CPU
		{F85BAB7C-A9F0-47EE-A4BA-6C8E4372A55A}.Debug|ARM.ActiveCfg = Debug|Any CPU
		{F85BAB7C-A9F0-47EE-A4BA-6C8E4372A55A}.Debug|ARM.Build.0 = Debug|Any CPU
		{F85BAB7C-A9F0-47EE-A4BA-6C8E4372A55A}.Debug|x64.ActiveCfg = Release|x64
		{F85BAB7C-A9F0-47EE-A4BA-6C8E4372A55A}.Debug|x64.Build.0 = Release|x64
		{F85BAB7C-A9F0-47EE-A4BA-6C8E4372A55A}.Debug|x86.ActiveCfg = Debug|Any CPU
		{F85BAB7C-A9F0-47EE-A4BA-6C8E4372A55A}.Debug|x86.Build.0 = Debug|Any CPU
		{F85BAB7C-A9F0-47EE-A4BA-6C8E4372A55A}.Release|Any CPU.ActiveCfg = Release|Any CPU
		{F85BAB7C-A9F0-47EE-A4BA-6C8E4372A55A}.Release|Any CPU.Build.0 = Release|Any CPU
		{F85BAB7C-A9F0-47EE-A4BA-6C8E4372A55A}.Release|ARM.ActiveCfg = Release|Any CPU
		{F85BAB7C-A9F0-47EE-A4BA-6C8E4372A55A}.Release|ARM.Build.0 = Release|Any CPU
		{F85BAB7C-A9F0-47EE-A4BA-6C8E4372A55A}.Release|x64.ActiveCfg = Release|Any CPU
		{F85BAB7C-A9F0-47EE-A4BA-6C8E4372A55A}.Release|x64.Build.0 = Release|Any CPU
		{F85BAB7C-A9F0-47EE-A4BA-6C8E4372A55A}.Release|x86.ActiveCfg = Release|Any CPU
		{F85BAB7C-A9F0-47EE-A4BA-6C8E4372A55A}.Release|x86.Build.0 = Release|Any CPU
		{9A742D36-9F48-4901-BDEA-2276F687BCC3}.Debug|Any CPU.ActiveCfg = Debug|Any CPU
		{9A742D36-9F48-4901-BDEA-2276F687BCC3}.Debug|Any CPU.Build.0 = Debug|Any CPU
		{9A742D36-9F48-4901-BDEA-2276F687BCC3}.Debug|ARM.ActiveCfg = Debug|Any CPU
		{9A742D36-9F48-4901-BDEA-2276F687BCC3}.Debug|ARM.Build.0 = Debug|Any CPU
		{9A742D36-9F48-4901-BDEA-2276F687BCC3}.Debug|x64.ActiveCfg = Debug|Any CPU
		{9A742D36-9F48-4901-BDEA-2276F687BCC3}.Debug|x64.Build.0 = Debug|Any CPU
		{9A742D36-9F48-4901-BDEA-2276F687BCC3}.Debug|x86.ActiveCfg = Debug|Any CPU
		{9A742D36-9F48-4901-BDEA-2276F687BCC3}.Debug|x86.Build.0 = Debug|Any CPU
		{9A742D36-9F48-4901-BDEA-2276F687BCC3}.Release|Any CPU.ActiveCfg = Release|Any CPU
		{9A742D36-9F48-4901-BDEA-2276F687BCC3}.Release|Any CPU.Build.0 = Release|Any CPU
		{9A742D36-9F48-4901-BDEA-2276F687BCC3}.Release|ARM.ActiveCfg = Release|Any CPU
		{9A742D36-9F48-4901-BDEA-2276F687BCC3}.Release|ARM.Build.0 = Release|Any CPU
		{9A742D36-9F48-4901-BDEA-2276F687BCC3}.Release|x64.ActiveCfg = Release|Any CPU
		{9A742D36-9F48-4901-BDEA-2276F687BCC3}.Release|x64.Build.0 = Release|Any CPU
		{9A742D36-9F48-4901-BDEA-2276F687BCC3}.Release|x86.ActiveCfg = Release|Any CPU
		{9A742D36-9F48-4901-BDEA-2276F687BCC3}.Release|x86.Build.0 = Release|Any CPU
		{0F6852C0-5D0E-46AA-8988-1E0F1CA43AD0}.Debug|Any CPU.ActiveCfg = Debug|Any CPU
		{0F6852C0-5D0E-46AA-8988-1E0F1CA43AD0}.Debug|Any CPU.Build.0 = Debug|Any CPU
		{0F6852C0-5D0E-46AA-8988-1E0F1CA43AD0}.Debug|ARM.ActiveCfg = Debug|Any CPU
		{0F6852C0-5D0E-46AA-8988-1E0F1CA43AD0}.Debug|ARM.Build.0 = Debug|Any CPU
		{0F6852C0-5D0E-46AA-8988-1E0F1CA43AD0}.Debug|x64.ActiveCfg = Debug|Any CPU
		{0F6852C0-5D0E-46AA-8988-1E0F1CA43AD0}.Debug|x64.Build.0 = Debug|Any CPU
		{0F6852C0-5D0E-46AA-8988-1E0F1CA43AD0}.Debug|x86.ActiveCfg = Debug|Any CPU
		{0F6852C0-5D0E-46AA-8988-1E0F1CA43AD0}.Debug|x86.Build.0 = Debug|Any CPU
		{0F6852C0-5D0E-46AA-8988-1E0F1CA43AD0}.Release|Any CPU.ActiveCfg = Release|Any CPU
		{0F6852C0-5D0E-46AA-8988-1E0F1CA43AD0}.Release|Any CPU.Build.0 = Release|Any CPU
		{0F6852C0-5D0E-46AA-8988-1E0F1CA43AD0}.Release|ARM.ActiveCfg = Release|Any CPU
		{0F6852C0-5D0E-46AA-8988-1E0F1CA43AD0}.Release|ARM.Build.0 = Release|Any CPU
		{0F6852C0-5D0E-46AA-8988-1E0F1CA43AD0}.Release|x64.ActiveCfg = Release|Any CPU
		{0F6852C0-5D0E-46AA-8988-1E0F1CA43AD0}.Release|x64.Build.0 = Release|Any CPU
		{0F6852C0-5D0E-46AA-8988-1E0F1CA43AD0}.Release|x86.ActiveCfg = Release|Any CPU
		{0F6852C0-5D0E-46AA-8988-1E0F1CA43AD0}.Release|x86.Build.0 = Release|Any CPU
		{E3516AE0-5894-457D-9213-DE5A1A4AC006}.Debug|Any CPU.ActiveCfg = Debug|Any CPU
		{E3516AE0-5894-457D-9213-DE5A1A4AC006}.Debug|Any CPU.Build.0 = Debug|Any CPU
		{E3516AE0-5894-457D-9213-DE5A1A4AC006}.Debug|ARM.ActiveCfg = Debug|Any CPU
		{E3516AE0-5894-457D-9213-DE5A1A4AC006}.Debug|ARM.Build.0 = Debug|Any CPU
		{E3516AE0-5894-457D-9213-DE5A1A4AC006}.Debug|x64.ActiveCfg = Debug|Any CPU
		{E3516AE0-5894-457D-9213-DE5A1A4AC006}.Debug|x64.Build.0 = Debug|Any CPU
		{E3516AE0-5894-457D-9213-DE5A1A4AC006}.Debug|x86.ActiveCfg = Debug|Any CPU
		{E3516AE0-5894-457D-9213-DE5A1A4AC006}.Debug|x86.Build.0 = Debug|Any CPU
		{E3516AE0-5894-457D-9213-DE5A1A4AC006}.Release|Any CPU.ActiveCfg = Release|Any CPU
		{E3516AE0-5894-457D-9213-DE5A1A4AC006}.Release|Any CPU.Build.0 = Release|Any CPU
		{E3516AE0-5894-457D-9213-DE5A1A4AC006}.Release|ARM.ActiveCfg = Release|Any CPU
		{E3516AE0-5894-457D-9213-DE5A1A4AC006}.Release|ARM.Build.0 = Release|Any CPU
		{E3516AE0-5894-457D-9213-DE5A1A4AC006}.Release|x64.ActiveCfg = Release|Any CPU
		{E3516AE0-5894-457D-9213-DE5A1A4AC006}.Release|x64.Build.0 = Release|Any CPU
		{E3516AE0-5894-457D-9213-DE5A1A4AC006}.Release|x86.ActiveCfg = Release|Any CPU
		{E3516AE0-5894-457D-9213-DE5A1A4AC006}.Release|x86.Build.0 = Release|Any CPU
		{C426E5D6-6BB2-44F8-956E-979FEA6B6D26}.Debug|Any CPU.ActiveCfg = Debug|Any CPU
		{C426E5D6-6BB2-44F8-956E-979FEA6B6D26}.Debug|Any CPU.Build.0 = Debug|Any CPU
		{C426E5D6-6BB2-44F8-956E-979FEA6B6D26}.Debug|ARM.ActiveCfg = Debug|Any CPU
		{C426E5D6-6BB2-44F8-956E-979FEA6B6D26}.Debug|ARM.Build.0 = Debug|Any CPU
		{C426E5D6-6BB2-44F8-956E-979FEA6B6D26}.Debug|x64.ActiveCfg = Debug|Any CPU
		{C426E5D6-6BB2-44F8-956E-979FEA6B6D26}.Debug|x64.Build.0 = Debug|Any CPU
		{C426E5D6-6BB2-44F8-956E-979FEA6B6D26}.Debug|x86.ActiveCfg = Debug|Any CPU
		{C426E5D6-6BB2-44F8-956E-979FEA6B6D26}.Debug|x86.Build.0 = Debug|Any CPU
		{C426E5D6-6BB2-44F8-956E-979FEA6B6D26}.Release|Any CPU.ActiveCfg = Release|Any CPU
		{C426E5D6-6BB2-44F8-956E-979FEA6B6D26}.Release|Any CPU.Build.0 = Release|Any CPU
		{C426E5D6-6BB2-44F8-956E-979FEA6B6D26}.Release|ARM.ActiveCfg = Release|Any CPU
		{C426E5D6-6BB2-44F8-956E-979FEA6B6D26}.Release|ARM.Build.0 = Release|Any CPU
		{C426E5D6-6BB2-44F8-956E-979FEA6B6D26}.Release|x64.ActiveCfg = Release|Any CPU
		{C426E5D6-6BB2-44F8-956E-979FEA6B6D26}.Release|x64.Build.0 = Release|Any CPU
		{C426E5D6-6BB2-44F8-956E-979FEA6B6D26}.Release|x86.ActiveCfg = Release|Any CPU
		{C426E5D6-6BB2-44F8-956E-979FEA6B6D26}.Release|x86.Build.0 = Release|Any CPU
		{68234DC2-08F0-4B21-BF04-F89DCA78EDC6}.Debug|Any CPU.ActiveCfg = Debug|Any CPU
		{68234DC2-08F0-4B21-BF04-F89DCA78EDC6}.Debug|Any CPU.Build.0 = Debug|Any CPU
		{68234DC2-08F0-4B21-BF04-F89DCA78EDC6}.Debug|Any CPU.Deploy.0 = Debug|Any CPU
		{68234DC2-08F0-4B21-BF04-F89DCA78EDC6}.Debug|ARM.ActiveCfg = Debug|Any CPU
		{68234DC2-08F0-4B21-BF04-F89DCA78EDC6}.Debug|ARM.Build.0 = Debug|Any CPU
		{68234DC2-08F0-4B21-BF04-F89DCA78EDC6}.Debug|x64.ActiveCfg = Debug|Any CPU
		{68234DC2-08F0-4B21-BF04-F89DCA78EDC6}.Debug|x64.Build.0 = Debug|Any CPU
		{68234DC2-08F0-4B21-BF04-F89DCA78EDC6}.Debug|x86.ActiveCfg = Debug|Any CPU
		{68234DC2-08F0-4B21-BF04-F89DCA78EDC6}.Debug|x86.Build.0 = Debug|Any CPU
		{68234DC2-08F0-4B21-BF04-F89DCA78EDC6}.Release|Any CPU.ActiveCfg = Release|Any CPU
		{68234DC2-08F0-4B21-BF04-F89DCA78EDC6}.Release|Any CPU.Build.0 = Release|Any CPU
		{68234DC2-08F0-4B21-BF04-F89DCA78EDC6}.Release|ARM.ActiveCfg = Release|Any CPU
		{68234DC2-08F0-4B21-BF04-F89DCA78EDC6}.Release|ARM.Build.0 = Release|Any CPU
		{68234DC2-08F0-4B21-BF04-F89DCA78EDC6}.Release|x64.ActiveCfg = Release|Any CPU
		{68234DC2-08F0-4B21-BF04-F89DCA78EDC6}.Release|x64.Build.0 = Release|Any CPU
		{68234DC2-08F0-4B21-BF04-F89DCA78EDC6}.Release|x86.ActiveCfg = Release|Any CPU
		{68234DC2-08F0-4B21-BF04-F89DCA78EDC6}.Release|x86.Build.0 = Release|Any CPU
		{DDFAC2A9-60D4-49F0-83C2-5BF4A6AFBD13}.Debug|Any CPU.ActiveCfg = Debug|Any CPU
		{DDFAC2A9-60D4-49F0-83C2-5BF4A6AFBD13}.Debug|Any CPU.Build.0 = Debug|Any CPU
		{DDFAC2A9-60D4-49F0-83C2-5BF4A6AFBD13}.Debug|ARM.ActiveCfg = Debug|Any CPU
		{DDFAC2A9-60D4-49F0-83C2-5BF4A6AFBD13}.Debug|ARM.Build.0 = Debug|Any CPU
		{DDFAC2A9-60D4-49F0-83C2-5BF4A6AFBD13}.Debug|x64.ActiveCfg = Debug|Any CPU
		{DDFAC2A9-60D4-49F0-83C2-5BF4A6AFBD13}.Debug|x64.Build.0 = Debug|Any CPU
		{DDFAC2A9-60D4-49F0-83C2-5BF4A6AFBD13}.Debug|x86.ActiveCfg = Debug|Any CPU
		{DDFAC2A9-60D4-49F0-83C2-5BF4A6AFBD13}.Debug|x86.Build.0 = Debug|Any CPU
		{DDFAC2A9-60D4-49F0-83C2-5BF4A6AFBD13}.Release|Any CPU.ActiveCfg = Release|Any CPU
		{DDFAC2A9-60D4-49F0-83C2-5BF4A6AFBD13}.Release|Any CPU.Build.0 = Release|Any CPU
		{DDFAC2A9-60D4-49F0-83C2-5BF4A6AFBD13}.Release|ARM.ActiveCfg = Release|Any CPU
		{DDFAC2A9-60D4-49F0-83C2-5BF4A6AFBD13}.Release|ARM.Build.0 = Release|Any CPU
		{DDFAC2A9-60D4-49F0-83C2-5BF4A6AFBD13}.Release|x64.ActiveCfg = Release|Any CPU
		{DDFAC2A9-60D4-49F0-83C2-5BF4A6AFBD13}.Release|x64.Build.0 = Release|Any CPU
		{DDFAC2A9-60D4-49F0-83C2-5BF4A6AFBD13}.Release|x86.ActiveCfg = Release|Any CPU
		{DDFAC2A9-60D4-49F0-83C2-5BF4A6AFBD13}.Release|x86.Build.0 = Release|Any CPU
		{3AA1E820-FC7C-4CD9-BA65-54D2E0966D15}.Debug|Any CPU.ActiveCfg = Debug|Any CPU
		{3AA1E820-FC7C-4CD9-BA65-54D2E0966D15}.Debug|Any CPU.Build.0 = Debug|Any CPU
		{3AA1E820-FC7C-4CD9-BA65-54D2E0966D15}.Debug|ARM.ActiveCfg = Debug|Any CPU
		{3AA1E820-FC7C-4CD9-BA65-54D2E0966D15}.Debug|ARM.Build.0 = Debug|Any CPU
		{3AA1E820-FC7C-4CD9-BA65-54D2E0966D15}.Debug|x64.ActiveCfg = Debug|Any CPU
		{3AA1E820-FC7C-4CD9-BA65-54D2E0966D15}.Debug|x64.Build.0 = Debug|Any CPU
		{3AA1E820-FC7C-4CD9-BA65-54D2E0966D15}.Debug|x86.ActiveCfg = Debug|Any CPU
		{3AA1E820-FC7C-4CD9-BA65-54D2E0966D15}.Debug|x86.Build.0 = Debug|Any CPU
		{3AA1E820-FC7C-4CD9-BA65-54D2E0966D15}.Release|Any CPU.ActiveCfg = Release|Any CPU
		{3AA1E820-FC7C-4CD9-BA65-54D2E0966D15}.Release|Any CPU.Build.0 = Release|Any CPU
		{3AA1E820-FC7C-4CD9-BA65-54D2E0966D15}.Release|ARM.ActiveCfg = Release|Any CPU
		{3AA1E820-FC7C-4CD9-BA65-54D2E0966D15}.Release|ARM.Build.0 = Release|Any CPU
		{3AA1E820-FC7C-4CD9-BA65-54D2E0966D15}.Release|x64.ActiveCfg = Release|Any CPU
		{3AA1E820-FC7C-4CD9-BA65-54D2E0966D15}.Release|x64.Build.0 = Release|Any CPU
		{3AA1E820-FC7C-4CD9-BA65-54D2E0966D15}.Release|x86.ActiveCfg = Release|Any CPU
		{3AA1E820-FC7C-4CD9-BA65-54D2E0966D15}.Release|x86.Build.0 = Release|Any CPU
		{AE0B9508-45F9-4E71-9F12-3563D47147C7}.Debug|Any CPU.ActiveCfg = Debug|x86
		{AE0B9508-45F9-4E71-9F12-3563D47147C7}.Debug|ARM.ActiveCfg = Debug|ARM
		{AE0B9508-45F9-4E71-9F12-3563D47147C7}.Debug|ARM.Build.0 = Debug|ARM
		{AE0B9508-45F9-4E71-9F12-3563D47147C7}.Debug|ARM.Deploy.0 = Debug|ARM
		{AE0B9508-45F9-4E71-9F12-3563D47147C7}.Debug|x64.ActiveCfg = Debug|x64
		{AE0B9508-45F9-4E71-9F12-3563D47147C7}.Debug|x64.Build.0 = Debug|x64
		{AE0B9508-45F9-4E71-9F12-3563D47147C7}.Debug|x64.Deploy.0 = Debug|x64
		{AE0B9508-45F9-4E71-9F12-3563D47147C7}.Debug|x86.ActiveCfg = Debug|x86
		{AE0B9508-45F9-4E71-9F12-3563D47147C7}.Debug|x86.Build.0 = Debug|x86
		{AE0B9508-45F9-4E71-9F12-3563D47147C7}.Debug|x86.Deploy.0 = Debug|x86
		{AE0B9508-45F9-4E71-9F12-3563D47147C7}.Release|Any CPU.ActiveCfg = Release|x86
		{AE0B9508-45F9-4E71-9F12-3563D47147C7}.Release|ARM.ActiveCfg = Release|ARM
		{AE0B9508-45F9-4E71-9F12-3563D47147C7}.Release|ARM.Build.0 = Release|ARM
		{AE0B9508-45F9-4E71-9F12-3563D47147C7}.Release|ARM.Deploy.0 = Release|ARM
		{AE0B9508-45F9-4E71-9F12-3563D47147C7}.Release|x64.ActiveCfg = Release|x64
		{AE0B9508-45F9-4E71-9F12-3563D47147C7}.Release|x64.Build.0 = Release|x64
		{AE0B9508-45F9-4E71-9F12-3563D47147C7}.Release|x64.Deploy.0 = Release|x64
		{AE0B9508-45F9-4E71-9F12-3563D47147C7}.Release|x86.ActiveCfg = Release|x86
		{AE0B9508-45F9-4E71-9F12-3563D47147C7}.Release|x86.Build.0 = Release|x86
		{AE0B9508-45F9-4E71-9F12-3563D47147C7}.Release|x86.Deploy.0 = Release|x86
		{4E56592C-B8ED-41A1-B8D2-E20418D34478}.Debug|Any CPU.ActiveCfg = Debug|x86
		{4E56592C-B8ED-41A1-B8D2-E20418D34478}.Debug|ARM.ActiveCfg = Debug|ARM
		{4E56592C-B8ED-41A1-B8D2-E20418D34478}.Debug|ARM.Build.0 = Debug|ARM
		{4E56592C-B8ED-41A1-B8D2-E20418D34478}.Debug|ARM.Deploy.0 = Debug|ARM
		{4E56592C-B8ED-41A1-B8D2-E20418D34478}.Debug|x64.ActiveCfg = Debug|x64
		{4E56592C-B8ED-41A1-B8D2-E20418D34478}.Debug|x64.Build.0 = Debug|x64
		{4E56592C-B8ED-41A1-B8D2-E20418D34478}.Debug|x64.Deploy.0 = Debug|x64
		{4E56592C-B8ED-41A1-B8D2-E20418D34478}.Debug|x86.ActiveCfg = Debug|x86
		{4E56592C-B8ED-41A1-B8D2-E20418D34478}.Debug|x86.Build.0 = Debug|x86
		{4E56592C-B8ED-41A1-B8D2-E20418D34478}.Debug|x86.Deploy.0 = Debug|x86
		{4E56592C-B8ED-41A1-B8D2-E20418D34478}.Release|Any CPU.ActiveCfg = Release|x86
		{4E56592C-B8ED-41A1-B8D2-E20418D34478}.Release|ARM.ActiveCfg = Release|ARM
		{4E56592C-B8ED-41A1-B8D2-E20418D34478}.Release|ARM.Build.0 = Release|ARM
		{4E56592C-B8ED-41A1-B8D2-E20418D34478}.Release|ARM.Deploy.0 = Release|ARM
		{4E56592C-B8ED-41A1-B8D2-E20418D34478}.Release|x64.ActiveCfg = Release|x64
		{4E56592C-B8ED-41A1-B8D2-E20418D34478}.Release|x64.Build.0 = Release|x64
		{4E56592C-B8ED-41A1-B8D2-E20418D34478}.Release|x64.Deploy.0 = Release|x64
		{4E56592C-B8ED-41A1-B8D2-E20418D34478}.Release|x86.ActiveCfg = Release|x86
		{4E56592C-B8ED-41A1-B8D2-E20418D34478}.Release|x86.Build.0 = Release|x86
		{4E56592C-B8ED-41A1-B8D2-E20418D34478}.Release|x86.Deploy.0 = Release|x86
		{F4B157B5-C77B-4144-9298-DE8F0AD7EFC9}.Debug|Any CPU.ActiveCfg = Debug|x86
		{F4B157B5-C77B-4144-9298-DE8F0AD7EFC9}.Debug|ARM.ActiveCfg = Debug|ARM
		{F4B157B5-C77B-4144-9298-DE8F0AD7EFC9}.Debug|ARM.Build.0 = Debug|ARM
		{F4B157B5-C77B-4144-9298-DE8F0AD7EFC9}.Debug|ARM.Deploy.0 = Debug|ARM
		{F4B157B5-C77B-4144-9298-DE8F0AD7EFC9}.Debug|x64.ActiveCfg = Debug|x64
		{F4B157B5-C77B-4144-9298-DE8F0AD7EFC9}.Debug|x64.Build.0 = Debug|x64
		{F4B157B5-C77B-4144-9298-DE8F0AD7EFC9}.Debug|x64.Deploy.0 = Debug|x64
		{F4B157B5-C77B-4144-9298-DE8F0AD7EFC9}.Debug|x86.ActiveCfg = Debug|x86
		{F4B157B5-C77B-4144-9298-DE8F0AD7EFC9}.Debug|x86.Build.0 = Debug|x86
		{F4B157B5-C77B-4144-9298-DE8F0AD7EFC9}.Debug|x86.Deploy.0 = Debug|x86
		{F4B157B5-C77B-4144-9298-DE8F0AD7EFC9}.Release|Any CPU.ActiveCfg = Release|x86
		{F4B157B5-C77B-4144-9298-DE8F0AD7EFC9}.Release|ARM.ActiveCfg = Release|ARM
		{F4B157B5-C77B-4144-9298-DE8F0AD7EFC9}.Release|ARM.Build.0 = Release|ARM
		{F4B157B5-C77B-4144-9298-DE8F0AD7EFC9}.Release|ARM.Deploy.0 = Release|ARM
		{F4B157B5-C77B-4144-9298-DE8F0AD7EFC9}.Release|x64.ActiveCfg = Release|x64
		{F4B157B5-C77B-4144-9298-DE8F0AD7EFC9}.Release|x64.Build.0 = Release|x64
		{F4B157B5-C77B-4144-9298-DE8F0AD7EFC9}.Release|x64.Deploy.0 = Release|x64
		{F4B157B5-C77B-4144-9298-DE8F0AD7EFC9}.Release|x86.ActiveCfg = Release|x86
		{F4B157B5-C77B-4144-9298-DE8F0AD7EFC9}.Release|x86.Build.0 = Release|x86
		{F4B157B5-C77B-4144-9298-DE8F0AD7EFC9}.Release|x86.Deploy.0 = Release|x86
	EndGlobalSection
	GlobalSection(SolutionProperties) = preSolution
		HideSolutionNode = FALSE
	EndGlobalSection
EndGlobal
